{
    "_readme": [
        "This file locks the dependencies of your project to a known state",
        "Read more about it at https://getcomposer.org/doc/01-basic-usage.md#composer-lock-the-lock-file",
        "This file is @generated automatically"
    ],
    "content-hash": "5366b98653669be72e5bc5a9fcabf4cb",
    "packages": [
        {
            "name": "jakoch/phantomjs-installer",
            "version": "2.1.1",
            "source": {
                "type": "git",
                "url": "https://github.com/jakoch/phantomjs-installer.git",
                "reference": "b8ee2aac9b95f9a9ee30a05a4df4a0984a8a8b85"
            },
            "dist": {
                "type": "zip",
                "url": "https://files.phpcomposer.com/files/jakoch/phantomjs-installer/b8ee2aac9b95f9a9ee30a05a4df4a0984a8a8b85.zip",
                "reference": "b8ee2aac9b95f9a9ee30a05a4df4a0984a8a8b85",
                "shasum": ""
            },
            "require": {
                "ext-openssl": "*"
            },
            "type": "custom-installer",
            "autoload": {
                "psr-0": {
                    "PhantomInstaller\\": "src/"
                }
            },
            "notification-url": "https://packagist.org/downloads/",
            "license": [
                "MIT"
            ],
            "authors": [
                {
                    "name": "Jens-André Koch",
                    "email": "jakoch@web.de"
                }
            ],
            "description": "A Composer package which installs the PhantomJS binary (Linux, Windows, Mac) into `/bin` of your project.",
            "keywords": [
                "binaries",
                "headless",
                "phantomjs"
            ],
            "time": "2016-01-25T16:30:30+00:00"
        },
        {
            "name": "jonnyw/php-phantomjs",
            "version": "v4.5.1",
            "source": {
                "type": "git",
                "url": "https://github.com/jonnnnyw/php-phantomjs.git",
                "reference": "cf8d9a221f4c624aa1537c55a2e181f4b50367d7"
            },
            "dist": {
                "type": "zip",
                "url": "https://files.phpcomposer.com/files/jonnnnyw/php-phantomjs/cf8d9a221f4c624aa1537c55a2e181f4b50367d7.zip",
                "reference": "cf8d9a221f4c624aa1537c55a2e181f4b50367d7",
                "shasum": ""
            },
            "require": {
                "jakoch/phantomjs-installer": "2.1.1",
                "php": ">=5.3.0",
                "symfony/config": "~2.3|~3.0",
                "symfony/dependency-injection": "~2.3|~3.0",
                "symfony/filesystem": "~2.3|~3.0",
                "symfony/yaml": "~2.3|~3.0",
                "twig/twig": "~1.16"
            },
            "require-dev": {
                "phpunit/phpunit": "~4.0",
                "smalot/pdfparser": "~0.9",
                "zendframework/zendpdf": "~2.0"
            },
            "type": "library",
            "autoload": {
                "psr-0": {
                    "JonnyW\\PhantomJs\\": "src"
                },
                "classmap": [
                    "src/"
                ]
            },
            "notification-url": "https://packagist.org/downloads/",
            "license": [
                "MIT"
            ],
            "authors": [
                {
                    "name": "Jonny Wenmoth",
                    "email": "contact@jonnyw.me",
                    "homepage": "http://jonnyw.me/"
                }
            ],
            "description": "A PHP wrapper for loading pages through PhantomJS",
            "keywords": [
                "Headless Browser",
                "phantomjs",
                "testing"
            ],
            "time": "2016-06-28T16:00:15+00:00"
        },
        {
            "name": "psr/container",
            "version": "1.0.0",
            "source": {
                "type": "git",
                "url": "https://github.com/php-fig/container.git",
                "reference": "b7ce3b176482dbbc1245ebf52b181af44c2cf55f"
            },
            "dist": {
                "type": "zip",
                "url": "https://files.phpcomposer.com/files/php-fig/container/b7ce3b176482dbbc1245ebf52b181af44c2cf55f.zip",
                "reference": "b7ce3b176482dbbc1245ebf52b181af44c2cf55f",
                "shasum": ""
            },
            "require": {
                "php": ">=5.3.0"
            },
            "type": "library",
            "extra": {
                "branch-alias": {
                    "dev-master": "1.0.x-dev"
                }
            },
            "autoload": {
                "psr-4": {
                    "Psr\\Container\\": "src/"
                }
            },
            "notification-url": "https://packagist.org/downloads/",
            "license": [
                "MIT"
            ],
            "authors": [
                {
                    "name": "PHP-FIG",
                    "homepage": "http://www.php-fig.org/"
                }
            ],
            "description": "Common Container Interface (PHP FIG PSR-11)",
            "homepage": "https://github.com/php-fig/container",
            "keywords": [
                "PSR-11",
                "container",
                "container-interface",
                "container-interop",
                "psr"
            ],
            "time": "2017-02-14T16:28:37+00:00"
        },
        {
            "name": "symfony/config",
            "version": "v3.4.6",
            "source": {
                "type": "git",
                "url": "https://github.com/symfony/config.git",
                "reference": "05e10567b529476a006b00746c5f538f1636810e"
            },
            "dist": {
                "type": "zip",
                "url": "https://files.phpcomposer.com/files/symfony/config/05e10567b529476a006b00746c5f538f1636810e.zip",
                "reference": "05e10567b529476a006b00746c5f538f1636810e",
                "shasum": ""
            },
            "require": {
                "php": "^5.5.9|>=7.0.8",
                "symfony/filesystem": "~2.8|~3.0|~4.0"
            },
            "conflict": {
                "symfony/dependency-injection": "<3.3",
                "symfony/finder": "<3.3"
            },
            "require-dev": {
                "symfony/dependency-injection": "~3.3|~4.0",
                "symfony/event-dispatcher": "~3.3|~4.0",
                "symfony/finder": "~3.3|~4.0",
                "symfony/yaml": "~3.0|~4.0"
            },
            "suggest": {
                "symfony/yaml": "To use the yaml reference dumper"
            },
            "type": "library",
            "extra": {
                "branch-alias": {
                    "dev-master": "3.4-dev"
                }
            },
            "autoload": {
                "psr-4": {
                    "Symfony\\Component\\Config\\": ""
                },
                "exclude-from-classmap": [
                    "/Tests/"
                ]
            },
            "notification-url": "https://packagist.org/downloads/",
            "license": [
                "MIT"
            ],
            "authors": [
                {
                    "name": "Fabien Potencier",
                    "email": "fabien@symfony.com"
                },
                {
                    "name": "Symfony Community",
                    "homepage": "https://symfony.com/contributors"
                }
            ],
            "description": "Symfony Config Component",
            "homepage": "https://symfony.com",
            "time": "2018-02-14T10:03:57+00:00"
        },
        {
            "name": "symfony/dependency-injection",
            "version": "v3.4.6",
            "source": {
                "type": "git",
                "url": "https://github.com/symfony/dependency-injection.git",
                "reference": "12e901abc1cb0d637a0e5abe9923471361d96b07"
            },
            "dist": {
                "type": "zip",
                "url": "https://files.phpcomposer.com/files/symfony/dependency-injection/12e901abc1cb0d637a0e5abe9923471361d96b07.zip",
                "reference": "12e901abc1cb0d637a0e5abe9923471361d96b07",
                "shasum": ""
            },
            "require": {
                "php": "^5.5.9|>=7.0.8",
                "psr/container": "^1.0"
            },
            "conflict": {
                "symfony/config": "<3.3.7",
                "symfony/finder": "<3.3",
                "symfony/proxy-manager-bridge": "<3.4",
                "symfony/yaml": "<3.4"
            },
            "provide": {
                "psr/container-implementation": "1.0"
            },
            "require-dev": {
                "symfony/config": "~3.3|~4.0",
                "symfony/expression-language": "~2.8|~3.0|~4.0",
                "symfony/yaml": "~3.4|~4.0"
            },
            "suggest": {
                "symfony/config": "",
                "symfony/expression-language": "For using expressions in service container configuration",
                "symfony/finder": "For using double-star glob patterns or when GLOB_BRACE portability is required",
                "symfony/proxy-manager-bridge": "Generate service proxies to lazy load them",
                "symfony/yaml": ""
            },
            "type": "library",
            "extra": {
                "branch-alias": {
                    "dev-master": "3.4-dev"
                }
            },
            "autoload": {
                "psr-4": {
                    "Symfony\\Component\\DependencyInjection\\": ""
                },
                "exclude-from-classmap": [
                    "/Tests/"
                ]
            },
            "notification-url": "https://packagist.org/downloads/",
            "license": [
                "MIT"
            ],
            "authors": [
                {
                    "name": "Fabien Potencier",
                    "email": "fabien@symfony.com"
                },
                {
                    "name": "Symfony Community",
                    "homepage": "https://symfony.com/contributors"
                }
            ],
            "description": "Symfony DependencyInjection Component",
            "homepage": "https://symfony.com",
            "time": "2018-03-04T03:54:53+00:00"
        },
        {
            "name": "symfony/filesystem",
            "version": "v3.4.6",
            "source": {
                "type": "git",
                "url": "https://github.com/symfony/filesystem.git",
                "reference": "253a4490b528597aa14d2bf5aeded6f5e5e4a541"
            },
            "dist": {
                "type": "zip",
                "url": "https://files.phpcomposer.com/files/symfony/filesystem/253a4490b528597aa14d2bf5aeded6f5e5e4a541.zip",
                "reference": "253a4490b528597aa14d2bf5aeded6f5e5e4a541",
                "shasum": ""
            },
            "require": {
                "php": "^5.5.9|>=7.0.8"
            },
            "type": "library",
            "extra": {
                "branch-alias": {
                    "dev-master": "3.4-dev"
                }
            },
            "autoload": {
                "psr-4": {
                    "Symfony\\Component\\Filesystem\\": ""
                },
                "exclude-from-classmap": [
                    "/Tests/"
                ]
            },
            "notification-url": "https://packagist.org/downloads/",
            "license": [
                "MIT"
            ],
            "authors": [
                {
                    "name": "Fabien Potencier",
                    "email": "fabien@symfony.com"
                },
                {
                    "name": "Symfony Community",
                    "homepage": "https://symfony.com/contributors"
                }
            ],
            "description": "Symfony Filesystem Component",
            "homepage": "https://symfony.com",
            "time": "2018-02-22T10:48:49+00:00"
        },
        {
            "name": "symfony/yaml",
            "version": "v3.4.6",
            "source": {
                "type": "git",
                "url": "https://github.com/symfony/yaml.git",
                "reference": "6af42631dcf89e9c616242c900d6c52bd53bd1bb"
            },
            "dist": {
                "type": "zip",
                "url": "https://files.phpcomposer.com/files/symfony/yaml/6af42631dcf89e9c616242c900d6c52bd53bd1bb.zip",
                "reference": "6af42631dcf89e9c616242c900d6c52bd53bd1bb",
                "shasum": ""
            },
            "require": {
                "php": "^5.5.9|>=7.0.8"
            },
            "conflict": {
                "symfony/console": "<3.4"
            },
            "require-dev": {
                "symfony/console": "~3.4|~4.0"
            },
            "suggest": {
                "symfony/console": "For validating YAML files using the lint command"
            },
            "type": "library",
            "extra": {
                "branch-alias": {
                    "dev-master": "3.4-dev"
                }
            },
            "autoload": {
                "psr-4": {
                    "Symfony\\Component\\Yaml\\": ""
                },
                "exclude-from-classmap": [
                    "/Tests/"
                ]
            },
            "notification-url": "https://packagist.org/downloads/",
            "license": [
                "MIT"
            ],
            "authors": [
                {
                    "name": "Fabien Potencier",
                    "email": "fabien@symfony.com"
                },
                {
                    "name": "Symfony Community",
                    "homepage": "https://symfony.com/contributors"
                }
            ],
            "description": "Symfony Yaml Component",
            "homepage": "https://symfony.com",
            "time": "2018-02-16T09:50:28+00:00"
        },
        {
            "name": "twig/twig",
            "version": "v1.35.3",
            "source": {
                "type": "git",
                "url": "https://github.com/twigphp/Twig.git",
                "reference": "b48680b6eb7d16b5025b9bfc4108d86f6b8af86f"
            },
            "dist": {
                "type": "zip",
                "url": "https://files.phpcomposer.com/files/twigphp/Twig/b48680b6eb7d16b5025b9bfc4108d86f6b8af86f.zip",
                "reference": "b48680b6eb7d16b5025b9bfc4108d86f6b8af86f",
                "shasum": ""
            },
            "require": {
                "php": ">=5.3.3"
            },
            "require-dev": {
                "psr/container": "^1.0",
                "symfony/debug": "^2.7",
                "symfony/phpunit-bridge": "^3.3"
            },
            "type": "library",
            "extra": {
                "branch-alias": {
                    "dev-master": "1.35-dev"
                }
            },
            "autoload": {
                "psr-0": {
                    "Twig_": "lib/"
                },
                "psr-4": {
                    "Twig\\": "src/"
                }
            },
            "notification-url": "https://packagist.org/downloads/",
            "license": [
                "BSD-3-Clause"
            ],
            "authors": [
                {
                    "name": "Fabien Potencier",
                    "email": "fabien@symfony.com",
                    "homepage": "http://fabien.potencier.org",
                    "role": "Lead Developer"
                },
                {
                    "name": "Armin Ronacher",
                    "email": "armin.ronacher@active-4.com",
                    "role": "Project Founder"
                },
                {
                    "name": "Twig Team",
                    "homepage": "http://twig.sensiolabs.org/contributors",
                    "role": "Contributors"
                }
            ],
            "description": "Twig, the flexible, fast, and secure template language for PHP",
            "homepage": "http://twig.sensiolabs.org",
            "keywords": [
                "templating"
            ],
            "time": "2018-03-20T04:25:58+00:00"
        }
    ],
    "packages-dev": [],
    "aliases": [],
    "minimum-stability": "stable",
    "stability-flags": [],
    "prefer-stable": false,
    "prefer-lowest": false,
    "platform": [],
    "platform-dev": []
}
